<?xml version="1.0" encoding="utf-8"?>
<Project ToolsVersion="4.0" xmlns="http://schemas.microsoft.com/developer/msbuild/2003">
  <ItemGroup>
    <Filter Include="Файлы ресурсов">
      <UniqueIdentifier>{67DA6AB6-F800-4c08-8B7A-83BB121AAD01}</UniqueIdentifier>
      <Extensions>rc;ico;cur;bmp;dlg;rc2;rct;bin;rgs;gif;jpg;jpeg;jpe;resx;tiff;tif;png;wav;mfcribbon-ms</Extensions>
    </Filter>
    <Filter Include="Logick">
      <UniqueIdentifier>{9529fc9e-69ed-47a8-8db8-71a66e31f2da}</UniqueIdentifier>
    </Filter>
    <Filter Include="Interface">
      <UniqueIdentifier>{1ccb63ab-7866-43d1-b8e1-0d7a1d6d0bb5}</UniqueIdentifier>
    </Filter>
    <Filter Include="Interface\Windows">
      <UniqueIdentifier>{1426d180-a2dc-4dc1-9031-1e2105a40728}</UniqueIdentifier>
    </Filter>
    <Filter Include="Core">
      <UniqueIdentifier>{0ff41661-4685-4f86-8196-b3aab0b3e37a}</UniqueIdentifier>
    </Filter>
    <Filter Include="Logs">
      <UniqueIdentifier>{42aa8f17-8aab-48be-8f51-65eefc2088ac}</UniqueIdentifier>
    </Filter>
    <Filter Include="Interface\Windows\ClassMainWindow">
      <UniqueIdentifier>{982f827f-72ea-4c89-ac29-42576aed8a8d}</UniqueIdentifier>
    </Filter>
    <Filter Include="Interface\Windows\AbstractWindow">
      <UniqueIdentifier>{75f0dcd2-3537-44ee-8ae6-3aa763c38fee}</UniqueIdentifier>
    </Filter>
    <Filter Include="Core\Exceptions">
      <UniqueIdentifier>{e214ae08-1b5c-4463-a4e7-6d0eea6dc875}</UniqueIdentifier>
    </Filter>
    <Filter Include="Core\Exceptions\ClassWindowExceptions">
      <UniqueIdentifier>{f9082a84-f214-4efe-bb27-e73e51bb59ab}</UniqueIdentifier>
    </Filter>
    <Filter Include="Core\Exceptions\ClassWindowClassException">
      <UniqueIdentifier>{1b62b140-ce0b-4d57-822f-14a34481a91b}</UniqueIdentifier>
    </Filter>
    <Filter Include="Core\Exceptions\ClassException">
      <UniqueIdentifier>{992e484d-32f1-4c82-8342-357a0ceea6c9}</UniqueIdentifier>
    </Filter>
    <Filter Include="Core\Precompile">
      <UniqueIdentifier>{7319802f-ac6e-4bbd-8345-7630df78b7b4}</UniqueIdentifier>
    </Filter>
    <Filter Include="Interface\Windows\Buttons">
      <UniqueIdentifier>{11e45a93-2704-4723-bdcf-c95d7e181a95}</UniqueIdentifier>
    </Filter>
    <Filter Include="Interface\Windows\Buttons\ClassAbstractButton">
      <UniqueIdentifier>{ffa6ec70-9eab-4f40-9396-229d7f044ec8}</UniqueIdentifier>
    </Filter>
    <Filter Include="Interface\Windows\Buttons\ClassButtonCloseWindow">
      <UniqueIdentifier>{3e030632-b642-41b4-b1a0-6ecb00bfe688}</UniqueIdentifier>
    </Filter>
    <Filter Include="Interface\Windows\Buttons\ClassMinimizeWindow">
      <UniqueIdentifier>{b70e9f50-d67f-4d91-bc9b-d223274e35c1}</UniqueIdentifier>
    </Filter>
    <Filter Include="Interface\Windows\Buttons\ClassMaximizeWindow">
      <UniqueIdentifier>{b909d75d-b353-4d20-a7aa-f74c635292ae}</UniqueIdentifier>
    </Filter>
    <Filter Include="Interface\DefaultParametrs">
      <UniqueIdentifier>{57fa1ef0-7969-47ca-8017-b4654ff5807f}</UniqueIdentifier>
    </Filter>
    <Filter Include="Interface\Windows\IventsHeaders">
      <UniqueIdentifier>{10c15249-d080-4c0a-8f0e-e2f292d86a11}</UniqueIdentifier>
    </Filter>
    <Filter Include="Core\FileSystem">
      <UniqueIdentifier>{bff0d1da-9c08-480f-b1e6-10791eeb8a5f}</UniqueIdentifier>
    </Filter>
    <Filter Include="Core\FileSystem\ClassFile">
      <UniqueIdentifier>{cefcb75c-f320-48d8-99b1-4872a02a0d04}</UniqueIdentifier>
    </Filter>
    <Filter Include="Interface\Another">
      <UniqueIdentifier>{ad09ac6d-3d4e-4e57-9e8c-d55765062d18}</UniqueIdentifier>
    </Filter>
    <Filter Include="Interface\Another\ClassRenderBuffer">
      <UniqueIdentifier>{046c7c77-e87e-4676-993a-8c22cc23e4a4}</UniqueIdentifier>
    </Filter>
    <Filter Include="Core\Includes">
      <UniqueIdentifier>{3286fee1-131d-496c-ae4a-4d36896259c1}</UniqueIdentifier>
    </Filter>
    <Filter Include="Core\Exceptions\ClassFileException">
      <UniqueIdentifier>{382ea4a9-d76d-4df7-b3a0-149854ffdd59}</UniqueIdentifier>
    </Filter>
    <Filter Include="Interface\Windows\ClassListOfFilesWindow">
      <UniqueIdentifier>{906b8279-9385-4d70-a818-84a9f7f2046c}</UniqueIdentifier>
    </Filter>
    <Filter Include="Interface\Windows\Buttons\ClassOptionsWindow">
      <UniqueIdentifier>{da081928-45fb-486d-82c1-b5f2e162eeea}</UniqueIdentifier>
    </Filter>
    <Filter Include="Interface\Windows\Buttons\ClassReturnWindow">
      <UniqueIdentifier>{4462cad1-e876-4405-a77d-294f33396bee}</UniqueIdentifier>
    </Filter>
    <Filter Include="Interface\Windows\ClassOptionsWindow">
      <UniqueIdentifier>{9ac111ba-addd-455b-950b-0edc71b6c519}</UniqueIdentifier>
    </Filter>
  </ItemGroup>
  <ItemGroup>
    <ClCompile Include="Code\WinMain.cpp" />
    <ClCompile Include="Code\Classes\ClassMainWindow\ClassMainWindow.cpp">
      <Filter>Interface\Windows\ClassMainWindow</Filter>
    </ClCompile>
    <ClCompile Include="Code\Classes\Exceptions\ClassWindowException\ClassWindowException.cpp">
      <Filter>Core\Exceptions\ClassWindowExceptions</Filter>
    </ClCompile>
    <ClCompile Include="Code\Classes\AbstractWindow\ClassAbstractWindow.cpp">
      <Filter>Interface\Windows\AbstractWindow</Filter>
    </ClCompile>
    <ClCompile Include="Code\Classes\Exceptions\ClassWindowClassException\ClassWindowClassException.cpp">
      <Filter>Core\Exceptions\ClassWindowClassException</Filter>
    </ClCompile>
    <ClCompile Include="Code\Classes\Exceptions\ClassException\ClassException.cpp">
      <Filter>Core\Exceptions\ClassException</Filter>
    </ClCompile>
    <ClCompile Include="stdafx.cpp">
      <Filter>Core\Precompile</Filter>
    </ClCompile>
    <ClCompile Include="Code\Classes\Buttons\ClassAbstractButton\ClassAbstractButton.cpp">
      <Filter>Interface\Windows\Buttons\ClassAbstractButton</Filter>
    </ClCompile>
    <ClCompile Include="Code\Classes\Buttons\ClassButtonCloseWindow\ClassButtonCloseWindow.cpp">
      <Filter>Interface\Windows\Buttons\ClassButtonCloseWindow</Filter>
    </ClCompile>
    <ClCompile Include="Code\Classes\Buttons\ClassMaximizeWindow\ClassMaximizeWindow.cpp">
      <Filter>Interface\Windows\Buttons\ClassMaximizeWindow</Filter>
    </ClCompile>
    <ClCompile Include="Code\Classes\Buttons\ClassMinimizeWindow\ClassMinimizeWindow.cpp">
      <Filter>Interface\Windows\Buttons\ClassMinimizeWindow</Filter>
    </ClCompile>
    <ClCompile Include="Code\Classes\Another\RenderBuffer\RenderBuffer.cpp">
      <Filter>Interface\Another\ClassRenderBuffer</Filter>
    </ClCompile>
    <ClCompile Include="Code\Classes\FileSystem\ClassFile\ClassFile.cpp">
      <Filter>Core\FileSystem\ClassFile</Filter>
    </ClCompile>
    <ClCompile Include="Code\Classes\ClassListOfFilesWindow\ClassListOfFilesWindow.cpp">
      <Filter>Interface\Windows\ClassListOfFilesWindow</Filter>
    </ClCompile>
    <ClCompile Include="Code\Classes\Exceptions\ClassFileException\ClassFileException.cpp">
      <Filter>Core\Exceptions\ClassFileException</Filter>
    </ClCompile>
    <ClCompile Include="Code\Classes\Buttons\ClassReturnWindow\ClassReturnWindow.cpp">
      <Filter>Interface\Windows\Buttons\ClassReturnWindow</Filter>
    </ClCompile>
    <ClCompile Include="Code\Classes\ClassOptionsWindow\ClassOptionsWindow.cpp">
      <Filter>Interface\Windows\ClassOptionsWindow</Filter>
    </ClCompile>
    <ClCompile Include="Code\Classes\Buttons\ClassOptionsWindow\ClassOptionsButton.cpp">
      <Filter>Interface\Windows\Buttons\ClassOptionsWindow</Filter>
    </ClCompile>
  </ItemGroup>
  <ItemGroup>
    <ClInclude Include="Code\Classes\ClassMainWindow\ClassMainWindow.h">
      <Filter>Interface\Windows\ClassMainWindow</Filter>
    </ClInclude>
    <ClInclude Include="Code\Classes\Exceptions\ClassWindowException\ClassWindowException.h">
      <Filter>Core\Exceptions\ClassWindowExceptions</Filter>
    </ClInclude>
    <ClInclude Include="Code\Classes\AbstractWindow\ClassAbstractWindow.h">
      <Filter>Interface\Windows\AbstractWindow</Filter>
    </ClInclude>
    <ClInclude Include="Code\Classes\Exceptions\ClassWindowClassException\ClassWindowClassException.h">
      <Filter>Core\Exceptions\ClassWindowClassException</Filter>
    </ClInclude>
    <ClInclude Include="Code\Classes\Exceptions\ClassException\ClassException.h">
      <Filter>Core\Exceptions\ClassException</Filter>
    </ClInclude>
    <ClInclude Include="stdafx.h">
      <Filter>Core\Precompile</Filter>
    </ClInclude>
    <ClInclude Include="Code\Classes\Buttons\ClassAbstractButton\ClassAbstractButton.h">
      <Filter>Interface\Windows\Buttons\ClassAbstractButton</Filter>
    </ClInclude>
    <ClInclude Include="Code\Classes\Buttons\ClassButtonCloseWindow\ClassButtonCloseWindow.h">
      <Filter>Interface\Windows\Buttons\ClassButtonCloseWindow</Filter>
    </ClInclude>
    <ClInclude Include="Code\Classes\Buttons\ClassMaximizeWindow\ClassMaximizeWindow.h">
      <Filter>Interface\Windows\Buttons\ClassMaximizeWindow</Filter>
    </ClInclude>
    <ClInclude Include="Code\Classes\Buttons\ClassMinimizeWindow\ClassMinimizeWindow.h">
      <Filter>Interface\Windows\Buttons\ClassMinimizeWindow</Filter>
    </ClInclude>
    <ClInclude Include="Code\Includes\Ivents\Ivents.h">
      <Filter>Interface\Windows\IventsHeaders</Filter>
    </ClInclude>
    <ClInclude Include="Code\Classes\Another\RenderBuffer\RenderBuffer.h">
      <Filter>Interface\Another\ClassRenderBuffer</Filter>
    </ClInclude>
    <ClInclude Include="Code\Classes\FileSystem\ClassFile\ClassFile.h">
      <Filter>Core\FileSystem\ClassFile</Filter>
    </ClInclude>
    <ClInclude Include="Code\Includes\DefaultParams\ConstantParams.h">
      <Filter>Interface\DefaultParametrs</Filter>
    </ClInclude>
    <ClInclude Include="Code\Classes\ClassListOfFilesWindow\ClassListOfFilesWindow.h">
      <Filter>Interface\Windows\ClassListOfFilesWindow</Filter>
    </ClInclude>
    <ClInclude Include="Code\Classes\Exceptions\ClassFileException\ClassFileException.h">
      <Filter>Core\Exceptions\ClassFileException</Filter>
    </ClInclude>
    <ClInclude Include="Code\Classes\Buttons\ClassReturnWindow\ClassReturnWindow.h">
      <Filter>Interface\Windows\Buttons\ClassReturnWindow</Filter>
    </ClInclude>
    <ClInclude Include="Code\Classes\ClassOptionsWindow\ClassOptionsWindow.h">
      <Filter>Interface\Windows\ClassOptionsWindow</Filter>
    </ClInclude>
    <ClInclude Include="Code\Classes\Buttons\ClassOptionsWindow\ClassOptionsButton.h">
      <Filter>Interface\Windows\Buttons\ClassOptionsWindow</Filter>
    </ClInclude>
  </ItemGroup>
</Project>